# THIS IS AN AUTOGENERATED FILE. DO NOT EDIT THIS FILE DIRECTLY.
# yarn lockfile v1


html2canvas@^1.0.0-alpha.5:
  version "1.0.0-alpha.5"
  resolved "http://registry.npm.taobao.org/html2canvas/download/html2canvas-1.0.0-alpha.5.tgz#bf611783f678b3990664ba236de509da8bac0002"
  dependencies:
    punycode "2.1.0"

jcrop@^0.0.1:
  version "0.0.1"
  resolved "http://registry.npm.taobao.org/jcrop/download/jcrop-0.0.1.tgz#14d20393734b19b66b04ae3e8e020bf80d6fe72f"

punycode@2.1.0:
  version "2.1.0"
  resolved "http://registry.npm.taobao.org/punycode/download/punycode-2.1.0.tgz#5f863edc89b96db09074bad7947bf09056ca4e7d"
